
Microsoft Visual Studio Solution File, Format Version 12.00
# Visual Studio Version 17
VisualStudioVersion = 17.2.32616.157
MinimumVisualStudioVersion = 10.0.40219.1
Project("{9A19103F-16F7-4668-BE54-9A1E7A4F7556}") = "MyPotion", "MyPotion\MyPotion.csproj", "{C83EFFF2-F602-43FD-8F2E-BB490E0B8BE0}"
EndProject
Project("{9A19103F-16F7-4668-BE54-9A1E7A4F7556}") = "Minecraft.Crafting.Api", "Minecraft.Crafting.Api\Minecraft.Crafting.Api.csproj", "{A6906D87-2F15-4D52-A1B1-2F3253ADCFC9}"
EndProject
Global
	GlobalSection(SolutionConfigurationPlatforms) = preSolution
		Debug|Any CPU = Debug|Any CPU
		Release|Any CPU = Release|Any CPU
	EndGlobalSection
	GlobalSection(ProjectConfigurationPlatforms) = postSolution
		{C83EFFF2-F602-43FD-8F2E-BB490E0B8BE0}.Debug|Any CPU.ActiveCfg = Debug|Any CPU
		{C83EFFF2-F602-43FD-8F2E-BB490E0B8BE0}.Debug|Any CPU.Build.0 = Debug|Any CPU
		{C83EFFF2-F602-43FD-8F2E-BB490E0B8BE0}.Release|Any CPU.ActiveCfg = Release|Any CPU
		{C83EFFF2-F602-43FD-8F2E-BB490E0B8BE0}.Release|Any CPU.Build.0 = Release|Any CPU
		{A6906D87-2F15-4D52-A1B1-2F3253ADCFC9}.Debug|Any CPU.ActiveCfg = Debug|Any CPU
		{A6906D87-2F15-4D52-A1B1-2F3253ADCFC9}.Debug|Any CPU.Build.0 = Debug|Any CPU
		{A6906D87-2F15-4D52-A1B1-2F3253ADCFC9}.Release|Any CPU.ActiveCfg = Release|Any CPU
		{A6906D87-2F15-4D52-A1B1-2F3253ADCFC9}.Release|Any CPU.Build.0 = Release|Any CPU
	EndGlobalSection
	GlobalSection(SolutionProperties) = preSolution
		HideSolutionNode = FALSE
	EndGlobalSection
	GlobalSection(ExtensibilityGlobals) = postSolution
		SolutionGuid = {3FD9D3DE-BB3D-4588-B79B-6233B0EDE2CD}
	EndGlobalSection
EndGlobal
